# THIS IS AN AUTOGENERATED FILE. DO NOT EDIT THIS FILE DIRECTLY.
# yarn lockfile v1


stylelint-config-recommended@^2.1.0:
  version "2.1.0"
  resolved "https://registry.yarnpkg.com/stylelint-config-recommended/-/stylelint-config-recommended-2.1.0.tgz#f526d5c771c6811186d9eaedbed02195fee30858"
  integrity sha512-ajMbivOD7JxdsnlS5945KYhvt7L/HwN6YeYF2BH6kE4UCLJR0YvXMf+2j7nQpJyYLZx9uZzU5G1ZOSBiWAc6yA==

stylelint-config-standard@^18.2.0:
  version "18.2.0"
  resolved "https://registry.yarnpkg.com/stylelint-config-standard/-/stylelint-config-standard-18.2.0.tgz#6283149aba7f64f18731aef8f0abfb35cf619e06"
  integrity sha512-07x0TaSIzvXlbOioUU4ORkCIM07kyIuojkbSVCyFWNVgXMXYHfhnQSCkqu+oHWJf3YADAnPGWzdJ53NxkoJ7RA==
  dependencies:
    stylelint-config-recommended "^2.1.0"
