# THIS IS AN AUTOGENERATED FILE. DO NOT EDIT THIS FILE DIRECTLY.
# yarn lockfile v1


stylelint-config-recommended@^3.0.0:
  version "3.0.0"
  resolved "https://registry.yarnpkg.com/stylelint-config-recommended/-/stylelint-config-recommended-3.0.0.tgz#e0e547434016c5539fe2650afd58049a2fd1d657"
  integrity sha512-F6yTRuc06xr1h5Qw/ykb2LuFynJ2IxkKfCMf+1xqPffkxh0S09Zc902XCffcsw/XMFq/OzQ1w54fLIDtmRNHnQ==

stylelint-config-standard@^20.0.0:
  version "20.0.0"
  resolved "https://registry.yarnpkg.com/stylelint-config-standard/-/stylelint-config-standard-20.0.0.tgz#06135090c9e064befee3d594289f50e295b5e20d"
  integrity sha512-IB2iFdzOTA/zS4jSVav6z+wGtin08qfj+YyExHB3LF9lnouQht//YyB0KZq9gGz5HNPkddHOzcY8HsUey6ZUlA==
  dependencies:
    stylelint-config-recommended "^3.0.0"
